
Microsoft Visual Studio Solution File, Format Version 12.00
# Visual Studio Version 16
VisualStudioVersion = 16.0.31729.503
MinimumVisualStudioVersion = 10.0.40219.1
Project("{FAE04EC0-301F-11D3-BF4B-00C04F79EFBC}") = "WindowsFormsApp4", "WindowsFormsApp4\WindowsFormsApp4.csproj", "{E9426789-AA5C-4DBC-BA7D-A8A3B1A1B40A}"
EndProject
Global
	GlobalSection(SolutionConfigurationPlatforms) = preSolution
		Debug|Any CPU = Debug|Any CPU
		Release|Any CPU = Release|Any CPU
	EndGlobalSection
	GlobalSection(ProjectConfigurationPlatforms) = postSolution
		{E9426789-AA5C-4DBC-BA7D-A8A3B1A1B40A}.Debug|Any CPU.ActiveCfg = Debug|Any CPU
		{E9426789-AA5C-4DBC-BA7D-A8A3B1A1B40A}.Debug|Any CPU.Build.0 = Debug|Any CPU
		{E9426789-AA5C-4DBC-BA7D-A8A3B1A1B40A}.Release|Any CPU.ActiveCfg = Release|Any CPU
		{E9426789-AA5C-4DBC-BA7D-A8A3B1A1B40A}.Release|Any CPU.Build.0 = Release|Any CPU
	EndGlobalSection
	GlobalSection(SolutionProperties) = preSolution
		HideSolutionNode = FALSE
	EndGlobalSection
	GlobalSection(ExtensibilityGlobals) = postSolution
		SolutionGuid = {DE643011-C6A4-46B7-8194-87E81BF35C3E}
	EndGlobalSection
EndGlobal
